
Microsoft Visual Studio Solution File, Format Version 12.00
# Visual Studio 2010
Project("{2150E333-8FDC-42A3-9474-1A3956D46DE8}") = ".nuget", ".nuget", "{FE8D88C9-D014-4738-AB7D-97EED467F534}"
	ProjectSection(SolutionItems) = preProject
		.nuget\NuGet.Config = .nuget\NuGet.Config
		.nuget\nuget.exe = .nuget\nuget.exe
		.nuget\NuGet.targets = .nuget\NuGet.targets
	EndProjectSection
EndProject
Project("{FAE04EC0-301F-11D3-BF4B-00C04F79EFBC}") = "SiteMonitR", "SiteMonitR\SiteMonitR.csproj", "{53FD18AD-DACE-4868-81F8-37A2C598156E}"
EndProject
Project("{CC5FD16D-436D-48AD-A40C-5A424C6E3E79}") = "SiteMonitR.Azure", "SiteMonitR.Azure\SiteMonitR.Azure.ccproj", "{E3C1857B-1213-435A-AFD1-53D03F29E500}"
EndProject
Project("{FAE04EC0-301F-11D3-BF4B-00C04F79EFBC}") = "SiteMonitR.Web", "SiteMonitR.Web\SiteMonitR.Web.csproj", "{4F348A07-B694-49BD-8044-844BE3F13E2A}"
EndProject
Project("{FAE04EC0-301F-11D3-BF4B-00C04F79EFBC}") = "SiteMonitR.WorkerRole", "SiteMonitR.WorkerRole\SiteMonitR.WorkerRole.csproj", "{A4FB8753-CC1A-4F91-9658-49EDD1C4E3A0}"
EndProject
Project("{FAE04EC0-301F-11D3-BF4B-00C04F79EFBC}") = "SiteMonitR.Console", "SiteMonitR.Console\SiteMonitR.Console.csproj", "{C33A968C-DB24-4EE5-9084-3811C7BDF6A6}"
EndProject
Global
	GlobalSection(SolutionConfigurationPlatforms) = preSolution
		Debug|Any CPU = Debug|Any CPU
		Debug|Mixed Platforms = Debug|Mixed Platforms
		Debug|x86 = Debug|x86
		Release|Any CPU = Release|Any CPU
		Release|Mixed Platforms = Release|Mixed Platforms
		Release|x86 = Release|x86
	EndGlobalSection
	GlobalSection(ProjectConfigurationPlatforms) = postSolution
		{53FD18AD-DACE-4868-81F8-37A2C598156E}.Debug|Any CPU.ActiveCfg = Debug|Any CPU
		{53FD18AD-DACE-4868-81F8-37A2C598156E}.Debug|Any CPU.Build.0 = Debug|Any CPU
		{53FD18AD-DACE-4868-81F8-37A2C598156E}.Debug|Mixed Platforms.ActiveCfg = Debug|Any CPU
		{53FD18AD-DACE-4868-81F8-37A2C598156E}.Debug|Mixed Platforms.Build.0 = Debug|Any CPU
		{53FD18AD-DACE-4868-81F8-37A2C598156E}.Debug|x86.ActiveCfg = Debug|Any CPU
		{53FD18AD-DACE-4868-81F8-37A2C598156E}.Release|Any CPU.ActiveCfg = Release|Any CPU
		{53FD18AD-DACE-4868-81F8-37A2C598156E}.Release|Any CPU.Build.0 = Release|Any CPU
		{53FD18AD-DACE-4868-81F8-37A2C598156E}.Release|Mixed Platforms.ActiveCfg = Release|Any CPU
		{53FD18AD-DACE-4868-81F8-37A2C598156E}.Release|Mixed Platforms.Build.0 = Release|Any CPU
		{53FD18AD-DACE-4868-81F8-37A2C598156E}.Release|x86.ActiveCfg = Release|Any CPU
		{E3C1857B-1213-435A-AFD1-53D03F29E500}.Debug|Any CPU.ActiveCfg = Debug|Any CPU
		{E3C1857B-1213-435A-AFD1-53D03F29E500}.Debug|Any CPU.Build.0 = Debug|Any CPU
		{E3C1857B-1213-435A-AFD1-53D03F29E500}.Debug|Mixed Platforms.ActiveCfg = Debug|Any CPU
		{E3C1857B-1213-435A-AFD1-53D03F29E500}.Debug|Mixed Platforms.Build.0 = Debug|Any CPU
		{E3C1857B-1213-435A-AFD1-53D03F29E500}.Debug|x86.ActiveCfg = Debug|Any CPU
		{E3C1857B-1213-435A-AFD1-53D03F29E500}.Release|Any CPU.ActiveCfg = Release|Any CPU
		{E3C1857B-1213-435A-AFD1-53D03F29E500}.Release|Any CPU.Build.0 = Release|Any CPU
		{E3C1857B-1213-435A-AFD1-53D03F29E500}.Release|Mixed Platforms.ActiveCfg = Release|Any CPU
		{E3C1857B-1213-435A-AFD1-53D03F29E500}.Release|Mixed Platforms.Build.0 = Release|Any CPU
		{E3C1857B-1213-435A-AFD1-53D03F29E500}.Release|x86.ActiveCfg = Release|Any CPU
		{4F348A07-B694-49BD-8044-844BE3F13E2A}.Debug|Any CPU.ActiveCfg = Debug|Any CPU
		{4F348A07-B694-49BD-8044-844BE3F13E2A}.Debug|Any CPU.Build.0 = Debug|Any CPU
		{4F348A07-B694-49BD-8044-844BE3F13E2A}.Debug|Mixed Platforms.ActiveCfg = Debug|Any CPU
		{4F348A07-B694-49BD-8044-844BE3F13E2A}.Debug|Mixed Platforms.Build.0 = Debug|Any CPU
		{4F348A07-B694-49BD-8044-844BE3F13E2A}.Debug|x86.ActiveCfg = Debug|Any CPU
		{4F348A07-B694-49BD-8044-844BE3F13E2A}.Release|Any CPU.ActiveCfg = Release|Any CPU
		{4F348A07-B694-49BD-8044-844BE3F13E2A}.Release|Any CPU.Build.0 = Release|Any CPU
		{4F348A07-B694-49BD-8044-844BE3F13E2A}.Release|Mixed Platforms.ActiveCfg = Release|Any CPU
		{4F348A07-B694-49BD-8044-844BE3F13E2A}.Release|Mixed Platforms.Build.0 = Release|Any CPU
		{4F348A07-B694-49BD-8044-844BE3F13E2A}.Release|x86.ActiveCfg = Release|Any CPU
		{A4FB8753-CC1A-4F91-9658-49EDD1C4E3A0}.Debug|Any CPU.ActiveCfg = Debug|Any CPU
		{A4FB8753-CC1A-4F91-9658-49EDD1C4E3A0}.Debug|Any CPU.Build.0 = Debug|Any CPU
		{A4FB8753-CC1A-4F91-9658-49EDD1C4E3A0}.Debug|Mixed Platforms.ActiveCfg = Debug|Any CPU
		{A4FB8753-CC1A-4F91-9658-49EDD1C4E3A0}.Debug|Mixed Platforms.Build.0 = Debug|Any CPU
		{A4FB8753-CC1A-4F91-9658-49EDD1C4E3A0}.Debug|x86.ActiveCfg = Debug|Any CPU
		{A4FB8753-CC1A-4F91-9658-49EDD1C4E3A0}.Release|Any CPU.ActiveCfg = Release|Any CPU
		{A4FB8753-CC1A-4F91-9658-49EDD1C4E3A0}.Release|Any CPU.Build.0 = Release|Any CPU
		{A4FB8753-CC1A-4F91-9658-49EDD1C4E3A0}.Release|Mixed Platforms.ActiveCfg = Release|Any CPU
		{A4FB8753-CC1A-4F91-9658-49EDD1C4E3A0}.Release|Mixed Platforms.Build.0 = Release|Any CPU
		{A4FB8753-CC1A-4F91-9658-49EDD1C4E3A0}.Release|x86.ActiveCfg = Release|Any CPU
		{C33A968C-DB24-4EE5-9084-3811C7BDF6A6}.Debug|Any CPU.ActiveCfg = Debug|x86
		{C33A968C-DB24-4EE5-9084-3811C7BDF6A6}.Debug|Mixed Platforms.ActiveCfg = Debug|x86
		{C33A968C-DB24-4EE5-9084-3811C7BDF6A6}.Debug|Mixed Platforms.Build.0 = Debug|x86
		{C33A968C-DB24-4EE5-9084-3811C7BDF6A6}.Debug|x86.ActiveCfg = Debug|x86
		{C33A968C-DB24-4EE5-9084-3811C7BDF6A6}.Debug|x86.Build.0 = Debug|x86
		{C33A968C-DB24-4EE5-9084-3811C7BDF6A6}.Release|Any CPU.ActiveCfg = Release|x86
		{C33A968C-DB24-4EE5-9084-3811C7BDF6A6}.Release|Mixed Platforms.ActiveCfg = Release|x86
		{C33A968C-DB24-4EE5-9084-3811C7BDF6A6}.Release|Mixed Platforms.Build.0 = Release|x86
		{C33A968C-DB24-4EE5-9084-3811C7BDF6A6}.Release|x86.ActiveCfg = Release|x86
		{C33A968C-DB24-4EE5-9084-3811C7BDF6A6}.Release|x86.Build.0 = Release|x86
	EndGlobalSection
	GlobalSection(SolutionProperties) = preSolution
		HideSolutionNode = FALSE
	EndGlobalSection
EndGlobal
